
Microsoft Visual Studio Solution File, Format Version 12.00
# Visual Studio 14
VisualStudioVersion = 14.0.25123.0
MinimumVisualStudioVersion = 10.0.40219.1
Project("{E24C65DC-7377-472B-9ABA-BC803B73C61A}") = "WebTest", "http://localhost:2949", "{A209F6C1-1002-4BB4-8FB7-E7DC77EC3322}"
	ProjectSection(WebsiteProperties) = preProject
		UseIISExpress = "true"
		TargetFrameworkMoniker = ".NETFramework,Version%3Dv4.5"
		Debug.AspNetCompiler.VirtualPath = "/localhost_2949"
		Debug.AspNetCompiler.PhysicalPath = "WebTest\"
		Debug.AspNetCompiler.TargetPath = "PrecompiledWeb\localhost_2949\"
		Debug.AspNetCompiler.Updateable = "true"
		Debug.AspNetCompiler.ForceOverwrite = "true"
		Debug.AspNetCompiler.FixedNames = "false"
		Debug.AspNetCompiler.Debug = "True"
		Release.AspNetCompiler.VirtualPath = "/localhost_2949"
		Release.AspNetCompiler.PhysicalPath = "WebTest\"
		Release.AspNetCompiler.TargetPath = "PrecompiledWeb\localhost_2949\"
		Release.AspNetCompiler.Updateable = "true"
		Release.AspNetCompiler.ForceOverwrite = "true"
		Release.AspNetCompiler.FixedNames = "false"
		Release.AspNetCompiler.Debug = "False"
		SlnRelativePath = "WebTest\"
		DefaultWebSiteLanguage = "Visual C#"
	EndProjectSection
EndProject
Project("{FAE04EC0-301F-11D3-BF4B-00C04F79EFBC}") = "_01_ASPWebFormsTest", "..\ASPWebFormsTest\ASPWebFormsTest\_01_ASPWebFormsTest.csproj", "{99677612-619D-4DC8-AB44-D269854900C6}"
EndProject
Project("{FAE04EC0-301F-11D3-BF4B-00C04F79EFBC}") = "_02_ASPMVCTest", "..\ASPMVCTest\ASPMVCTest\_02_ASPMVCTest.csproj", "{E64E951E-5A58-4EDF-AF11-AA7CBE37DD7E}"
EndProject
Project("{E24C65DC-7377-472B-9ABA-BC803B73C61A}") = "_01_ASPWebFormsSite", "..\_01_ASPWebFormsSite\", "{ECA1BAE5-6972-4C47-A4F9-0FA4E89B9CA6}"
	ProjectSection(WebsiteProperties) = preProject
		TargetFrameworkMoniker = ".NETFramework,Version%3Dv4.5.2"
		Debug.AspNetCompiler.VirtualPath = "/localhost_9500"
		Debug.AspNetCompiler.PhysicalPath = "..\_01_ASPWebFormsSite\"
		Debug.AspNetCompiler.TargetPath = "PrecompiledWeb\localhost_9500\"
		Debug.AspNetCompiler.Updateable = "true"
		Debug.AspNetCompiler.ForceOverwrite = "true"
		Debug.AspNetCompiler.FixedNames = "false"
		Debug.AspNetCompiler.Debug = "True"
		Release.AspNetCompiler.VirtualPath = "/localhost_9500"
		Release.AspNetCompiler.PhysicalPath = "..\_01_ASPWebFormsSite\"
		Release.AspNetCompiler.TargetPath = "PrecompiledWeb\localhost_9500\"
		Release.AspNetCompiler.Updateable = "true"
		Release.AspNetCompiler.ForceOverwrite = "true"
		Release.AspNetCompiler.FixedNames = "false"
		Release.AspNetCompiler.Debug = "False"
		VWDPort = "9500"
		SlnRelativePath = "..\_01_ASPWebFormsSite\"
		DefaultWebSiteLanguage = "Visual C#"
	EndProjectSection
EndProject
Project("{FAE04EC0-301F-11D3-BF4B-00C04F79EFBC}") = "WebAndLoadTestProject", "WebAndLoadTestProject\WebAndLoadTestProject.csproj", "{2228019D-C3C0-431C-AF3D-600E9E0AACEC}"
EndProject
Project("{2150E333-8FDC-42A3-9474-1A3956D46DE8}") = "Solution Items", "Solution Items", "{783F66F1-BCE8-43D1-8198-DDBF0817DD07}"
	ProjectSection(SolutionItems) = preProject
		Local.testsettings = Local.testsettings
	EndProjectSection
EndProject
Project("{FAE04EC0-301F-11D3-BF4B-00C04F79EFBC}") = "_02_MVC4EXample_TaskManager.Domain", "..\ASPMVCTest\TaskManager.Domain\_02_MVC4EXample_TaskManager.Domain.csproj", "{1D0D4776-E7F5-401F-997E-220E4C919AB1}"
EndProject
Project("{FAE04EC0-301F-11D3-BF4B-00C04F79EFBC}") = "_02_MVC4EXample_TaskManager.Web", "..\ASPMVCTest\TaskManager.Web\_02_MVC4EXample_TaskManager.Web.csproj", "{94BFB58C-B460-4848-B2A5-1611687A0CFF}"
EndProject
Project("{FAE04EC0-301F-11D3-BF4B-00C04F79EFBC}") = "_02_ASPMVCTest.Tests", "..\ASPMVCTest\TaskManager.Web.Tests\_02_ASPMVCTest.Tests.csproj", "{93B65EDF-9E9A-419D-8488-325F53B33B2D}"
EndProject
Global
	GlobalSection(SolutionConfigurationPlatforms) = preSolution
		Debug|Any CPU = Debug|Any CPU
		Release|Any CPU = Release|Any CPU
	EndGlobalSection
	GlobalSection(ProjectConfigurationPlatforms) = postSolution
		{A209F6C1-1002-4BB4-8FB7-E7DC77EC3322}.Debug|Any CPU.ActiveCfg = Debug|Any CPU
		{A209F6C1-1002-4BB4-8FB7-E7DC77EC3322}.Debug|Any CPU.Build.0 = Debug|Any CPU
		{A209F6C1-1002-4BB4-8FB7-E7DC77EC3322}.Release|Any CPU.ActiveCfg = Debug|Any CPU
		{A209F6C1-1002-4BB4-8FB7-E7DC77EC3322}.Release|Any CPU.Build.0 = Debug|Any CPU
		{99677612-619D-4DC8-AB44-D269854900C6}.Debug|Any CPU.ActiveCfg = Debug|Any CPU
		{99677612-619D-4DC8-AB44-D269854900C6}.Debug|Any CPU.Build.0 = Debug|Any CPU
		{99677612-619D-4DC8-AB44-D269854900C6}.Release|Any CPU.ActiveCfg = Release|Any CPU
		{99677612-619D-4DC8-AB44-D269854900C6}.Release|Any CPU.Build.0 = Release|Any CPU
		{E64E951E-5A58-4EDF-AF11-AA7CBE37DD7E}.Debug|Any CPU.ActiveCfg = Debug|Any CPU
		{E64E951E-5A58-4EDF-AF11-AA7CBE37DD7E}.Debug|Any CPU.Build.0 = Debug|Any CPU
		{E64E951E-5A58-4EDF-AF11-AA7CBE37DD7E}.Release|Any CPU.ActiveCfg = Release|Any CPU
		{E64E951E-5A58-4EDF-AF11-AA7CBE37DD7E}.Release|Any CPU.Build.0 = Release|Any CPU
		{ECA1BAE5-6972-4C47-A4F9-0FA4E89B9CA6}.Debug|Any CPU.ActiveCfg = Debug|Any CPU
		{ECA1BAE5-6972-4C47-A4F9-0FA4E89B9CA6}.Debug|Any CPU.Build.0 = Debug|Any CPU
		{ECA1BAE5-6972-4C47-A4F9-0FA4E89B9CA6}.Release|Any CPU.ActiveCfg = Debug|Any CPU
		{ECA1BAE5-6972-4C47-A4F9-0FA4E89B9CA6}.Release|Any CPU.Build.0 = Debug|Any CPU
		{2228019D-C3C0-431C-AF3D-600E9E0AACEC}.Debug|Any CPU.ActiveCfg = Debug|Any CPU
		{2228019D-C3C0-431C-AF3D-600E9E0AACEC}.Debug|Any CPU.Build.0 = Debug|Any CPU
		{2228019D-C3C0-431C-AF3D-600E9E0AACEC}.Release|Any CPU.ActiveCfg = Release|Any CPU
		{2228019D-C3C0-431C-AF3D-600E9E0AACEC}.Release|Any CPU.Build.0 = Release|Any CPU
		{1D0D4776-E7F5-401F-997E-220E4C919AB1}.Debug|Any CPU.ActiveCfg = Debug|Any CPU
		{1D0D4776-E7F5-401F-997E-220E4C919AB1}.Debug|Any CPU.Build.0 = Debug|Any CPU
		{1D0D4776-E7F5-401F-997E-220E4C919AB1}.Release|Any CPU.ActiveCfg = Release|Any CPU
		{1D0D4776-E7F5-401F-997E-220E4C919AB1}.Release|Any CPU.Build.0 = Release|Any CPU
		{94BFB58C-B460-4848-B2A5-1611687A0CFF}.Debug|Any CPU.ActiveCfg = Debug|Any CPU
		{94BFB58C-B460-4848-B2A5-1611687A0CFF}.Debug|Any CPU.Build.0 = Debug|Any CPU
		{94BFB58C-B460-4848-B2A5-1611687A0CFF}.Release|Any CPU.ActiveCfg = Release|Any CPU
		{94BFB58C-B460-4848-B2A5-1611687A0CFF}.Release|Any CPU.Build.0 = Release|Any CPU
		{93B65EDF-9E9A-419D-8488-325F53B33B2D}.Debug|Any CPU.ActiveCfg = Debug|Any CPU
		{93B65EDF-9E9A-419D-8488-325F53B33B2D}.Debug|Any CPU.Build.0 = Debug|Any CPU
		{93B65EDF-9E9A-419D-8488-325F53B33B2D}.Release|Any CPU.ActiveCfg = Release|Any CPU
		{93B65EDF-9E9A-419D-8488-325F53B33B2D}.Release|Any CPU.Build.0 = Release|Any CPU
	EndGlobalSection
	GlobalSection(SolutionProperties) = preSolution
		HideSolutionNode = FALSE
	EndGlobalSection
EndGlobal
