
Microsoft Visual Studio Solution File, Format Version 12.00
# Visual Studio Version 16
VisualStudioVersion = 16.0.32228.343
MinimumVisualStudioVersion = 10.0.40219.1
Project("{FAE04EC0-301F-11D3-BF4B-00C04F79EFBC}") = "PvlParser", "PvlParser.csproj", "{CF4FF93D-7863-4AA5-86D9-15DA6FE9D3A0}"
EndProject
Global
	GlobalSection(SolutionConfigurationPlatforms) = preSolution
		Debug|Any CPU = Debug|Any CPU
		Release|Any CPU = Release|Any CPU
	EndGlobalSection
	GlobalSection(ProjectConfigurationPlatforms) = postSolution
		{CF4FF93D-7863-4AA5-86D9-15DA6FE9D3A0}.Debug|Any CPU.ActiveCfg = Debug|Any CPU
		{CF4FF93D-7863-4AA5-86D9-15DA6FE9D3A0}.Debug|Any CPU.Build.0 = Debug|Any CPU
		{CF4FF93D-7863-4AA5-86D9-15DA6FE9D3A0}.Release|Any CPU.ActiveCfg = Release|Any CPU
		{CF4FF93D-7863-4AA5-86D9-15DA6FE9D3A0}.Release|Any CPU.Build.0 = Release|Any CPU
	EndGlobalSection
	GlobalSection(SolutionProperties) = preSolution
		HideSolutionNode = FALSE
	EndGlobalSection
	GlobalSection(ExtensibilityGlobals) = postSolution
		SolutionGuid = {62AB5CB2-8F25-4505-87D6-0409F39442AC}
	EndGlobalSection
EndGlobal
