
Microsoft Visual Studio Solution File, Format Version 12.00
# Visual Studio Version 16
VisualStudioVersion = 16.0.35325.158
MinimumVisualStudioVersion = 10.0.40219.1
Project("{FAE04EC0-301F-11D3-BF4B-00C04F79EFBC}") = "FindWord", "FindWord\FindWord.csproj", "{4B07B0C5-1008-4B78-A486-FC0B8E359068}"
EndProject
Global
	GlobalSection(SolutionConfigurationPlatforms) = preSolution
		Debug|Any CPU = Debug|Any CPU
		Release|Any CPU = Release|Any CPU
	EndGlobalSection
	GlobalSection(ProjectConfigurationPlatforms) = postSolution
		{4B07B0C5-1008-4B78-A486-FC0B8E359068}.Debug|Any CPU.ActiveCfg = Debug|Any CPU
		{4B07B0C5-1008-4B78-A486-FC0B8E359068}.Debug|Any CPU.Build.0 = Debug|Any CPU
		{4B07B0C5-1008-4B78-A486-FC0B8E359068}.Release|Any CPU.ActiveCfg = Release|Any CPU
		{4B07B0C5-1008-4B78-A486-FC0B8E359068}.Release|Any CPU.Build.0 = Release|Any CPU
	EndGlobalSection
	GlobalSection(SolutionProperties) = preSolution
		HideSolutionNode = FALSE
	EndGlobalSection
	GlobalSection(ExtensibilityGlobals) = postSolution
		SolutionGuid = {F32CCE29-28DD-4106-A120-0ECA83959291}
	EndGlobalSection
EndGlobal
