
Microsoft Visual Studio Solution File, Format Version 12.00
# Visual Studio Version 16
VisualStudioVersion = 16.0.35325.158
MinimumVisualStudioVersion = 10.0.40219.1
Project("{FAE04EC0-301F-11D3-BF4B-00C04F79EFBC}") = "Note", "Note\Note.csproj", "{31F77B5A-9EF0-49EF-BBC9-7A73E822F7A4}"
	ProjectSection(ProjectDependencies) = postProject
		{51236EB7-45E9-4F77-95B1-5D547EBD1E1D} = {51236EB7-45E9-4F77-95B1-5D547EBD1E1D}
	EndProjectSection
EndProject
Project("{FAE04EC0-301F-11D3-BF4B-00C04F79EFBC}") = "utilsVS10", "..\Utils\Utils\utilsVS10.csproj", "{724DA50C-C404-4A3A-8583-FBC2F4FB9963}"
EndProject
Project("{FAE04EC0-301F-11D3-BF4B-00C04F79EFBC}") = "Note.Domain", "Note.Domain\Note.Domain.csproj", "{51236EB7-45E9-4F77-95B1-5D547EBD1E1D}"
EndProject
Global
	GlobalSection(SolutionConfigurationPlatforms) = preSolution
		Debug|Any CPU = Debug|Any CPU
		Release|Any CPU = Release|Any CPU
	EndGlobalSection
	GlobalSection(ProjectConfigurationPlatforms) = postSolution
		{31F77B5A-9EF0-49EF-BBC9-7A73E822F7A4}.Debug|Any CPU.ActiveCfg = Debug|Any CPU
		{31F77B5A-9EF0-49EF-BBC9-7A73E822F7A4}.Debug|Any CPU.Build.0 = Debug|Any CPU
		{31F77B5A-9EF0-49EF-BBC9-7A73E822F7A4}.Release|Any CPU.ActiveCfg = Release|Any CPU
		{31F77B5A-9EF0-49EF-BBC9-7A73E822F7A4}.Release|Any CPU.Build.0 = Release|Any CPU
		{724DA50C-C404-4A3A-8583-FBC2F4FB9963}.Debug|Any CPU.ActiveCfg = Debug|Any CPU
		{724DA50C-C404-4A3A-8583-FBC2F4FB9963}.Debug|Any CPU.Build.0 = Debug|Any CPU
		{724DA50C-C404-4A3A-8583-FBC2F4FB9963}.Release|Any CPU.ActiveCfg = Release|Any CPU
		{724DA50C-C404-4A3A-8583-FBC2F4FB9963}.Release|Any CPU.Build.0 = Release|Any CPU
		{51236EB7-45E9-4F77-95B1-5D547EBD1E1D}.Debug|Any CPU.ActiveCfg = Debug|Any CPU
		{51236EB7-45E9-4F77-95B1-5D547EBD1E1D}.Debug|Any CPU.Build.0 = Debug|Any CPU
		{51236EB7-45E9-4F77-95B1-5D547EBD1E1D}.Release|Any CPU.ActiveCfg = Release|Any CPU
		{51236EB7-45E9-4F77-95B1-5D547EBD1E1D}.Release|Any CPU.Build.0 = Release|Any CPU
	EndGlobalSection
	GlobalSection(SolutionProperties) = preSolution
		HideSolutionNode = FALSE
	EndGlobalSection
	GlobalSection(ExtensibilityGlobals) = postSolution
		SolutionGuid = {9642A10B-101E-4282-9789-8962A04FA9BD}
	EndGlobalSection
EndGlobal
