
Microsoft Visual Studio Solution File, Format Version 12.00
# Visual Studio 2012
Project("{FAE04EC0-301F-11D3-BF4B-00C04F79EFBC}") = "ASPTest", "ASPTest\ASPTest.csproj", "{99677612-619D-4DC8-AB44-D269854900C6}"
EndProject
Project("{E24C65DC-7377-472B-9ABA-BC803B73C61A}") = "WebSite2", "http://localhost:52718", "{3869B443-35BE-4947-95EF-28D5C69796CE}"
	ProjectSection(WebsiteProperties) = preProject
		UseIISExpress = "true"
		TargetFrameworkMoniker = ".NETFramework,Version%3Dv4.0"
		Debug.AspNetCompiler.VirtualPath = "/localhost_52718"
		Debug.AspNetCompiler.PhysicalPath = "..\..\WebSites\WebSite2\"
		Debug.AspNetCompiler.TargetPath = "PrecompiledWeb\localhost_52718\"
		Debug.AspNetCompiler.Updateable = "true"
		Debug.AspNetCompiler.ForceOverwrite = "true"
		Debug.AspNetCompiler.FixedNames = "false"
		Debug.AspNetCompiler.Debug = "True"
		Release.AspNetCompiler.VirtualPath = "/localhost_52718"
		Release.AspNetCompiler.PhysicalPath = "..\..\WebSites\WebSite2\"
		Release.AspNetCompiler.TargetPath = "PrecompiledWeb\localhost_52718\"
		Release.AspNetCompiler.Updateable = "true"
		Release.AspNetCompiler.ForceOverwrite = "true"
		Release.AspNetCompiler.FixedNames = "false"
		Release.AspNetCompiler.Debug = "False"
		SlnRelativePath = "..\..\WebSites\WebSite2\"
		DefaultWebSiteLanguage = "Visual C#"
	EndProjectSection
EndProject
Global
	GlobalSection(SolutionConfigurationPlatforms) = preSolution
		Debug|Any CPU = Debug|Any CPU
		Release|Any CPU = Release|Any CPU
	EndGlobalSection
	GlobalSection(ProjectConfigurationPlatforms) = postSolution
		{99677612-619D-4DC8-AB44-D269854900C6}.Debug|Any CPU.ActiveCfg = Debug|Any CPU
		{99677612-619D-4DC8-AB44-D269854900C6}.Debug|Any CPU.Build.0 = Debug|Any CPU
		{99677612-619D-4DC8-AB44-D269854900C6}.Release|Any CPU.ActiveCfg = Release|Any CPU
		{99677612-619D-4DC8-AB44-D269854900C6}.Release|Any CPU.Build.0 = Release|Any CPU
		{3869B443-35BE-4947-95EF-28D5C69796CE}.Debug|Any CPU.ActiveCfg = Debug|Any CPU
		{3869B443-35BE-4947-95EF-28D5C69796CE}.Debug|Any CPU.Build.0 = Debug|Any CPU
		{3869B443-35BE-4947-95EF-28D5C69796CE}.Release|Any CPU.ActiveCfg = Debug|Any CPU
		{3869B443-35BE-4947-95EF-28D5C69796CE}.Release|Any CPU.Build.0 = Debug|Any CPU
	EndGlobalSection
	GlobalSection(SolutionProperties) = preSolution
		HideSolutionNode = FALSE
	EndGlobalSection
EndGlobal
