
Microsoft Visual Studio Solution File, Format Version 12.00
# Visual Studio 2013
VisualStudioVersion = 12.0.30501.0
MinimumVisualStudioVersion = 10.0.40219.1
Project("{FAE04EC0-301F-11D3-BF4B-00C04F79EFBC}") = "04_JSONP", "04_JSONP\04_JSONP.csproj", "{BF33AF07-EC52-4169-B3C3-AE669CA44442}"
EndProject
Project("{FAE04EC0-301F-11D3-BF4B-00C04F79EFBC}") = "04_JSONP_Client", "04_JSONP_Client\04_JSONP_Client.csproj", "{17211BE3-D4F9-4794-BCD7-73D7C4884F01}"
EndProject
Global
	GlobalSection(SolutionConfigurationPlatforms) = preSolution
		Debug|Any CPU = Debug|Any CPU
		Release|Any CPU = Release|Any CPU
	EndGlobalSection
	GlobalSection(ProjectConfigurationPlatforms) = postSolution
		{BF33AF07-EC52-4169-B3C3-AE669CA44442}.Debug|Any CPU.ActiveCfg = Debug|Any CPU
		{BF33AF07-EC52-4169-B3C3-AE669CA44442}.Debug|Any CPU.Build.0 = Debug|Any CPU
		{BF33AF07-EC52-4169-B3C3-AE669CA44442}.Release|Any CPU.ActiveCfg = Release|Any CPU
		{BF33AF07-EC52-4169-B3C3-AE669CA44442}.Release|Any CPU.Build.0 = Release|Any CPU
		{17211BE3-D4F9-4794-BCD7-73D7C4884F01}.Debug|Any CPU.ActiveCfg = Debug|Any CPU
		{17211BE3-D4F9-4794-BCD7-73D7C4884F01}.Debug|Any CPU.Build.0 = Debug|Any CPU
		{17211BE3-D4F9-4794-BCD7-73D7C4884F01}.Release|Any CPU.ActiveCfg = Release|Any CPU
		{17211BE3-D4F9-4794-BCD7-73D7C4884F01}.Release|Any CPU.Build.0 = Release|Any CPU
	EndGlobalSection
	GlobalSection(SolutionProperties) = preSolution
		HideSolutionNode = FALSE
	EndGlobalSection
EndGlobal
