
Microsoft Visual Studio Solution File, Format Version 12.00
# Visual Studio 14
VisualStudioVersion = 14.0.25420.1
MinimumVisualStudioVersion = 10.0.40219.1
Project("{FAE04EC0-301F-11D3-BF4B-00C04F79EFBC}") = "GrabDatabase", "GrabDatabase\GrabDatabase.csproj", "{590A3ABC-6611-4ECE-A0A7-7A2A594FA04C}"
	ProjectSection(ProjectDependencies) = postProject
		{724DA50C-C404-4A3A-8583-FBC2F4FB9963} = {724DA50C-C404-4A3A-8583-FBC2F4FB9963}
	EndProjectSection
EndProject
Project("{FAE04EC0-301F-11D3-BF4B-00C04F79EFBC}") = "utilsVS10", "..\Utils\Utils\utilsVS10.csproj", "{724DA50C-C404-4A3A-8583-FBC2F4FB9963}"
EndProject
Global
	GlobalSection(SolutionConfigurationPlatforms) = preSolution
		Debug|Any CPU = Debug|Any CPU
		Release|Any CPU = Release|Any CPU
	EndGlobalSection
	GlobalSection(ProjectConfigurationPlatforms) = postSolution
		{590A3ABC-6611-4ECE-A0A7-7A2A594FA04C}.Debug|Any CPU.ActiveCfg = Debug|Any CPU
		{590A3ABC-6611-4ECE-A0A7-7A2A594FA04C}.Debug|Any CPU.Build.0 = Debug|Any CPU
		{590A3ABC-6611-4ECE-A0A7-7A2A594FA04C}.Debug|Any CPU.Deploy.0 = Debug|Any CPU
		{590A3ABC-6611-4ECE-A0A7-7A2A594FA04C}.Release|Any CPU.ActiveCfg = Release|Any CPU
		{590A3ABC-6611-4ECE-A0A7-7A2A594FA04C}.Release|Any CPU.Build.0 = Release|Any CPU
		{724DA50C-C404-4A3A-8583-FBC2F4FB9963}.Debug|Any CPU.ActiveCfg = Debug|Any CPU
		{724DA50C-C404-4A3A-8583-FBC2F4FB9963}.Debug|Any CPU.Build.0 = Debug|Any CPU
		{724DA50C-C404-4A3A-8583-FBC2F4FB9963}.Release|Any CPU.ActiveCfg = Release|Any CPU
		{724DA50C-C404-4A3A-8583-FBC2F4FB9963}.Release|Any CPU.Build.0 = Release|Any CPU
	EndGlobalSection
	GlobalSection(SolutionProperties) = preSolution
		HideSolutionNode = FALSE
	EndGlobalSection
EndGlobal
