
Microsoft Visual Studio Solution File, Format Version 12.00
# Visual Studio 2012
Project("{FAE04EC0-301F-11D3-BF4B-00C04F79EFBC}") = "TestSecurity", "TestSecurity\TestSecurity.csproj", "{831A93A1-D5CD-4A59-A1A7-CC90E5C97791}"
	ProjectSection(ProjectDependencies) = postProject
		{4CE326BD-4F01-4449-B58E-D636D1E6F2E2} = {4CE326BD-4F01-4449-B58E-D636D1E6F2E2}
	EndProjectSection
EndProject
Project("{FAE04EC0-301F-11D3-BF4B-00C04F79EFBC}") = "AuthentificationService", "AuthentificationService\AuthentificationService.csproj", "{4CE326BD-4F01-4449-B58E-D636D1E6F2E2}"
EndProject
Global
	GlobalSection(SolutionConfigurationPlatforms) = preSolution
		Debug|Any CPU = Debug|Any CPU
		Release|Any CPU = Release|Any CPU
	EndGlobalSection
	GlobalSection(ProjectConfigurationPlatforms) = postSolution
		{831A93A1-D5CD-4A59-A1A7-CC90E5C97791}.Debug|Any CPU.ActiveCfg = Debug|Any CPU
		{831A93A1-D5CD-4A59-A1A7-CC90E5C97791}.Debug|Any CPU.Build.0 = Debug|Any CPU
		{831A93A1-D5CD-4A59-A1A7-CC90E5C97791}.Release|Any CPU.ActiveCfg = Release|Any CPU
		{831A93A1-D5CD-4A59-A1A7-CC90E5C97791}.Release|Any CPU.Build.0 = Release|Any CPU
		{4CE326BD-4F01-4449-B58E-D636D1E6F2E2}.Debug|Any CPU.ActiveCfg = Debug|Any CPU
		{4CE326BD-4F01-4449-B58E-D636D1E6F2E2}.Debug|Any CPU.Build.0 = Debug|Any CPU
		{4CE326BD-4F01-4449-B58E-D636D1E6F2E2}.Release|Any CPU.ActiveCfg = Release|Any CPU
		{4CE326BD-4F01-4449-B58E-D636D1E6F2E2}.Release|Any CPU.Build.0 = Release|Any CPU
	EndGlobalSection
	GlobalSection(SolutionProperties) = preSolution
		HideSolutionNode = FALSE
	EndGlobalSection
EndGlobal
