
Microsoft Visual Studio Solution File, Format Version 12.00
# Visual Studio Version 16
VisualStudioVersion = 16.0.30503.244
MinimumVisualStudioVersion = 10.0.40219.1
Project("{FAE04EC0-301F-11D3-BF4B-00C04F79EFBC}") = "Certificate", "Certificate.csproj", "{B7A46201-8CAD-400A-A527-37CFEF84C696}"
EndProject
Global
	GlobalSection(SolutionConfigurationPlatforms) = preSolution
		Debug|Any CPU = Debug|Any CPU
		Release|Any CPU = Release|Any CPU
	EndGlobalSection
	GlobalSection(ProjectConfigurationPlatforms) = postSolution
		{B7A46201-8CAD-400A-A527-37CFEF84C696}.Debug|Any CPU.ActiveCfg = Debug|Any CPU
		{B7A46201-8CAD-400A-A527-37CFEF84C696}.Debug|Any CPU.Build.0 = Debug|Any CPU
		{B7A46201-8CAD-400A-A527-37CFEF84C696}.Release|Any CPU.ActiveCfg = Release|Any CPU
		{B7A46201-8CAD-400A-A527-37CFEF84C696}.Release|Any CPU.Build.0 = Release|Any CPU
	EndGlobalSection
	GlobalSection(SolutionProperties) = preSolution
		HideSolutionNode = FALSE
	EndGlobalSection
	GlobalSection(ExtensibilityGlobals) = postSolution
		SolutionGuid = {BFEF68DE-44B1-4BAC-9C44-DA49B480AD0E}
	EndGlobalSection
EndGlobal
