
Microsoft Visual Studio Solution File, Format Version 11.00
# Visual Studio 2010
Project("{FAE04EC0-301F-11D3-BF4B-00C04F79EFBC}") = "Assist", "Assist\Assist.csproj", "{D3E6FCF7-9F2A-4E89-9E63-4ADDED3C17E8}"
EndProject
Project("{FAE04EC0-301F-11D3-BF4B-00C04F79EFBC}") = "utilsVS10", "..\Utils\Utils\utilsVS10.csproj", "{724DA50C-C404-4A3A-8583-FBC2F4FB9963}"
EndProject
Global
	GlobalSection(SolutionConfigurationPlatforms) = preSolution
		Debug|Any CPU = Debug|Any CPU
		Release|Any CPU = Release|Any CPU
	EndGlobalSection
	GlobalSection(ProjectConfigurationPlatforms) = postSolution
		{D3E6FCF7-9F2A-4E89-9E63-4ADDED3C17E8}.Debug|Any CPU.ActiveCfg = Debug|Any CPU
		{D3E6FCF7-9F2A-4E89-9E63-4ADDED3C17E8}.Debug|Any CPU.Build.0 = Debug|Any CPU
		{D3E6FCF7-9F2A-4E89-9E63-4ADDED3C17E8}.Release|Any CPU.ActiveCfg = Release|Any CPU
		{D3E6FCF7-9F2A-4E89-9E63-4ADDED3C17E8}.Release|Any CPU.Build.0 = Release|Any CPU
		{724DA50C-C404-4A3A-8583-FBC2F4FB9963}.Debug|Any CPU.ActiveCfg = Debug|Any CPU
		{724DA50C-C404-4A3A-8583-FBC2F4FB9963}.Debug|Any CPU.Build.0 = Debug|Any CPU
		{724DA50C-C404-4A3A-8583-FBC2F4FB9963}.Release|Any CPU.ActiveCfg = Release|Any CPU
		{724DA50C-C404-4A3A-8583-FBC2F4FB9963}.Release|Any CPU.Build.0 = Release|Any CPU
	EndGlobalSection
	GlobalSection(SolutionProperties) = preSolution
		HideSolutionNode = FALSE
	EndGlobalSection
EndGlobal
